{
  "version": 2,
  "dependencies": {
    "net10.0": {
      "Sufficit.Blazor.UI": {
        "type": "Direct",
        "requested": "[2.*, )",
        "resolved": "2.26.918.1328",
        "contentHash": "Y3CyZojGhMaOxeAU2kL3u+aYWWTp+ZoccWN2isMrYJbCrfKLa/vpHWrA/lLWZVVEdzaShmHNE3z7UJ1S6Fz7cw=="
      }
    }
  }
}