
Microsoft Visual Studio Solution File, Format Version 12.00
# Visual Studio Version 17
VisualStudioVersion = 17.0.31903.59
MinimumVisualStudioVersion = 10.0.40219.1
Project("{2150E333-8FDC-42A3-9474-1A3956D46DE8}") = "src", "src", "{827E0CD3-B72D-47B6-A68D-7590B98EB39B}"
EndProject
Project("{2150E333-8FDC-42A3-9474-1A3956D46DE8}") = "core", "core", "{8D626EA8-CB54-BC41-363A-217881BEBA6E}"
EndProject
Project("{FAE04EC0-301F-11D3-BF4B-00C04F79EFBC}") = "Sufficit.Identity.Core", "src\core\Sufficit.Identity.Core.csproj", "{F7F8A932-44D8-49D3-8A71-C40442BC4FF9}"
EndProject
Project("{FAE04EC0-301F-11D3-BF4B-00C04F79EFBC}") = "Sufficit.Identity.Server", "src\server\Sufficit.Identity.Server.csproj", "{59C46D8A-D608-4C29-83FF-7D81A86E9255}"
EndProject
Project("{FAE04EC0-301F-11D3-BF4B-00C04F79EFBC}") = "Sufficit.Identity.STS", "src\sts\Sufficit.Identity.STS.csproj", "{66546E2E-B07E-44CE-B0AE-9AAF0EA728C7}"
EndProject
Project("{FAE04EC0-301F-11D3-BF4B-00C04F79EFBC}") = "Sufficit.Identity.Management", "src\management\Sufficit.Identity.Management.csproj", "{522CB345-CC3F-478B-9E1E-A3D06FE0D57F}"
EndProject
Project("{2150E333-8FDC-42A3-9474-1A3956D46DE8}") = "tests", "tests", "{CEA09484-30F6-4D44-02F6-822E06DBC57C}"
EndProject
Project("{FAE04EC0-301F-11D3-BF4B-00C04F79EFBC}") = "Sufficit.Identity.Tests", "src\tests\Sufficit.Identity.Tests.csproj", "{75BCA88C-DF24-4B35-8CA2-72B4D130FF17}"
EndProject
Global
	GlobalSection(SolutionConfigurationPlatforms) = preSolution
		Debug|Any CPU = Debug|Any CPU
		Debug|x64 = Debug|x64
		Debug|x86 = Debug|x86
		Release|Any CPU = Release|Any CPU
		Release|x64 = Release|x64
		Release|x86 = Release|x86
	EndGlobalSection
	GlobalSection(ProjectConfigurationPlatforms) = postSolution
		{F7F8A932-44D8-49D3-8A71-C40442BC4FF9}.Debug|Any CPU.ActiveCfg = Debug|Any CPU
		{F7F8A932-44D8-49D3-8A71-C40442BC4FF9}.Debug|Any CPU.Build.0 = Debug|Any CPU
		{F7F8A932-44D8-49D3-8A71-C40442BC4FF9}.Debug|x64.ActiveCfg = Debug|Any CPU
		{F7F8A932-44D8-49D3-8A71-C40442BC4FF9}.Debug|x64.Build.0 = Debug|Any CPU
		{F7F8A932-44D8-49D3-8A71-C40442BC4FF9}.Debug|x86.ActiveCfg = Debug|Any CPU
		{F7F8A932-44D8-49D3-8A71-C40442BC4FF9}.Debug|x86.Build.0 = Debug|Any CPU
		{F7F8A932-44D8-49D3-8A71-C40442BC4FF9}.Release|Any CPU.ActiveCfg = Release|Any CPU
		{F7F8A932-44D8-49D3-8A71-C40442BC4FF9}.Release|Any CPU.Build.0 = Release|Any CPU
		{F7F8A932-44D8-49D3-8A71-C40442BC4FF9}.Release|x64.ActiveCfg = Release|Any CPU
		{F7F8A932-44D8-49D3-8A71-C40442BC4FF9}.Release|x64.Build.0 = Release|Any CPU
		{F7F8A932-44D8-49D3-8A71-C40442BC4FF9}.Release|x86.ActiveCfg = Release|Any CPU
		{F7F8A932-44D8-49D3-8A71-C40442BC4FF9}.Release|x86.Build.0 = Release|Any CPU
		{59C46D8A-D608-4C29-83FF-7D81A86E9255}.Debug|Any CPU.ActiveCfg = Debug|Any CPU
		{59C46D8A-D608-4C29-83FF-7D81A86E9255}.Debug|Any CPU.Build.0 = Debug|Any CPU
		{59C46D8A-D608-4C29-83FF-7D81A86E9255}.Debug|x64.ActiveCfg = Debug|Any CPU
		{59C46D8A-D608-4C29-83FF-7D81A86E9255}.Debug|x64.Build.0 = Debug|Any CPU
		{59C46D8A-D608-4C29-83FF-7D81A86E9255}.Debug|x86.ActiveCfg = Debug|Any CPU
		{59C46D8A-D608-4C29-83FF-7D81A86E9255}.Debug|x86.Build.0 = Debug|Any CPU
		{59C46D8A-D608-4C29-83FF-7D81A86E9255}.Release|Any CPU.ActiveCfg = Release|Any CPU
		{59C46D8A-D608-4C29-83FF-7D81A86E9255}.Release|Any CPU.Build.0 = Release|Any CPU
		{59C46D8A-D608-4C29-83FF-7D81A86E9255}.Release|x64.ActiveCfg = Release|Any CPU
		{59C46D8A-D608-4C29-83FF-7D81A86E9255}.Release|x64.Build.0 = Release|Any CPU
		{59C46D8A-D608-4C29-83FF-7D81A86E9255}.Release|x86.ActiveCfg = Release|Any CPU
		{59C46D8A-D608-4C29-83FF-7D81A86E9255}.Release|x86.Build.0 = Release|Any CPU
		{66546E2E-B07E-44CE-B0AE-9AAF0EA728C7}.Debug|Any CPU.ActiveCfg = Debug|Any CPU
		{66546E2E-B07E-44CE-B0AE-9AAF0EA728C7}.Debug|Any CPU.Build.0 = Debug|Any CPU
		{66546E2E-B07E-44CE-B0AE-9AAF0EA728C7}.Debug|x64.ActiveCfg = Debug|Any CPU
		{66546E2E-B07E-44CE-B0AE-9AAF0EA728C7}.Debug|x64.Build.0 = Debug|Any CPU
		{66546E2E-B07E-44CE-B0AE-9AAF0EA728C7}.Debug|x86.ActiveCfg = Debug|Any CPU
		{66546E2E-B07E-44CE-B0AE-9AAF0EA728C7}.Debug|x86.Build.0 = Debug|Any CPU
		{66546E2E-B07E-44CE-B0AE-9AAF0EA728C7}.Release|Any CPU.ActiveCfg = Release|Any CPU
		{66546E2E-B07E-44CE-B0AE-9AAF0EA728C7}.Release|Any CPU.Build.0 = Release|Any CPU
		{66546E2E-B07E-44CE-B0AE-9AAF0EA728C7}.Release|x64.ActiveCfg = Release|Any CPU
		{66546E2E-B07E-44CE-B0AE-9AAF0EA728C7}.Release|x64.Build.0 = Release|Any CPU
		{66546E2E-B07E-44CE-B0AE-9AAF0EA728C7}.Release|x86.ActiveCfg = Release|Any CPU
		{66546E2E-B07E-44CE-B0AE-9AAF0EA728C7}.Release|x86.Build.0 = Release|Any CPU
		{522CB345-CC3F-478B-9E1E-A3D06FE0D57F}.Debug|Any CPU.ActiveCfg = Debug|Any CPU
		{522CB345-CC3F-478B-9E1E-A3D06FE0D57F}.Debug|Any CPU.Build.0 = Debug|Any CPU
		{522CB345-CC3F-478B-9E1E-A3D06FE0D57F}.Debug|x64.ActiveCfg = Debug|Any CPU
		{522CB345-CC3F-478B-9E1E-A3D06FE0D57F}.Debug|x64.Build.0 = Debug|Any CPU
		{522CB345-CC3F-478B-9E1E-A3D06FE0D57F}.Debug|x86.ActiveCfg = Debug|Any CPU
		{522CB345-CC3F-478B-9E1E-A3D06FE0D57F}.Debug|x86.Build.0 = Debug|Any CPU
		{522CB345-CC3F-478B-9E1E-A3D06FE0D57F}.Release|Any CPU.ActiveCfg = Release|Any CPU
		{522CB345-CC3F-478B-9E1E-A3D06FE0D57F}.Release|Any CPU.Build.0 = Release|Any CPU
		{522CB345-CC3F-478B-9E1E-A3D06FE0D57F}.Release|x64.ActiveCfg = Release|Any CPU
		{522CB345-CC3F-478B-9E1E-A3D06FE0D57F}.Release|x64.Build.0 = Release|Any CPU
		{522CB345-CC3F-478B-9E1E-A3D06FE0D57F}.Release|x86.ActiveCfg = Release|Any CPU
		{522CB345-CC3F-478B-9E1E-A3D06FE0D57F}.Release|x86.Build.0 = Release|Any CPU
		{75BCA88C-DF24-4B35-8CA2-72B4D130FF17}.Debug|Any CPU.ActiveCfg = Debug|Any CPU
		{75BCA88C-DF24-4B35-8CA2-72B4D130FF17}.Debug|Any CPU.Build.0 = Debug|Any CPU
		{75BCA88C-DF24-4B35-8CA2-72B4D130FF17}.Debug|x64.ActiveCfg = Debug|Any CPU
		{75BCA88C-DF24-4B35-8CA2-72B4D130FF17}.Debug|x64.Build.0 = Debug|Any CPU
		{75BCA88C-DF24-4B35-8CA2-72B4D130FF17}.Debug|x86.ActiveCfg = Debug|Any CPU
		{75BCA88C-DF24-4B35-8CA2-72B4D130FF17}.Debug|x86.Build.0 = Debug|Any CPU
		{75BCA88C-DF24-4B35-8CA2-72B4D130FF17}.Release|Any CPU.ActiveCfg = Release|Any CPU
		{75BCA88C-DF24-4B35-8CA2-72B4D130FF17}.Release|Any CPU.Build.0 = Release|Any CPU
		{75BCA88C-DF24-4B35-8CA2-72B4D130FF17}.Release|x64.ActiveCfg = Release|Any CPU
		{75BCA88C-DF24-4B35-8CA2-72B4D130FF17}.Release|x64.Build.0 = Release|Any CPU
		{75BCA88C-DF24-4B35-8CA2-72B4D130FF17}.Release|x86.ActiveCfg = Release|Any CPU
		{75BCA88C-DF24-4B35-8CA2-72B4D130FF17}.Release|x86.Build.0 = Release|Any CPU
	EndGlobalSection
	GlobalSection(SolutionProperties) = preSolution
		HideSolutionNode = FALSE
	EndGlobalSection
	GlobalSection(NestedProjects) = preSolution
		{8D626EA8-CB54-BC41-363A-217881BEBA6E} = {827E0CD3-B72D-47B6-A68D-7590B98EB39B}
		{F7F8A932-44D8-49D3-8A71-C40442BC4FF9} = {8D626EA8-CB54-BC41-363A-217881BEBA6E}
		{59C46D8A-D608-4C29-83FF-7D81A86E9255} = {8D626EA8-CB54-BC41-363A-217881BEBA6E}
		{66546E2E-B07E-44CE-B0AE-9AAF0EA728C7} = {8D626EA8-CB54-BC41-363A-217881BEBA6E}
		{522CB345-CC3F-478B-9E1E-A3D06FE0D57F} = {8D626EA8-CB54-BC41-363A-217881BEBA6E}
		{CEA09484-30F6-4D44-02F6-822E06DBC57C} = {827E0CD3-B72D-47B6-A68D-7590B98EB39B}
		{75BCA88C-DF24-4B35-8CA2-72B4D130FF17} = {CEA09484-30F6-4D44-02F6-822E06DBC57C}
	EndGlobalSection
EndGlobal
