{
  "version": 2,
  "dependencies": {
    "net10.0": {
      "Microsoft.EntityFrameworkCore": {
        "type": "Direct",
        "requested": "[10.0.10, )",
        "resolved": "10.0.10",
        "contentHash": "a0V7zj/VbYP6dTdWpUgE/r2PuLKtUGe2aJ0lVKkn/wP9ZhaxUz2kQydVfvOjCv2SKxlrqdBfHhPD4Cvlf+4ffA==",
        "dependencies": {
          "Microsoft.EntityFrameworkCore.Abstractions": "10.0.10",
          "Microsoft.EntityFrameworkCore.Analyzers": "10.0.10"
        }
      },
      "Microsoft.Bcl.Cryptography": {
        "type": "Transitive",
        "resolved": "10.0.2",
        "contentHash": "LG9Yll3B5aNpxv0+D47g6LiOiKBIlodhcHdQwcYzo8VeexFLGqx5ymetmA2aBRyo9cCcWsQWrFsdbsr8LvmWDw=="
      },
      "Microsoft.EntityFrameworkCore.Abstractions": {
        "type": "Transitive",
        "resolved": "10.0.10",
        "contentHash": "bOzrFCl6uZCjaSh2bG1ToRQRdx+iXvxosCg9hFyG9OWeAzOFI4xev9OqKeWfKf/kAHyox2JnbcvLVf2ceA7sqA=="
      },
      "Microsoft.EntityFrameworkCore.Analyzers": {
        "type": "Transitive",
        "resolved": "10.0.10",
        "contentHash": "2gLDordUCGf3aNOOuqtTbP5mxhiP9nk6TnvGiE3RnqT891O+Zf/qKu1PIREubs1M16A0SImr4vULBfU5BTDs1Q=="
      },
      "Microsoft.EntityFrameworkCore.Relational": {
        "type": "Transitive",
        "resolved": "10.0.10",
        "contentHash": "wNonj40aZxia+GtuBiiD6ZqVh4h6y5Nje1bGdmzZ8/ui0QRsAN+S0SIrLHFCEGbG9cDbeaE40sh+Lr7o9rRs6g==",
        "dependencies": {
          "Microsoft.EntityFrameworkCore": "10.0.10"
        }
      },
      "Microsoft.IdentityModel.Abstractions": {
        "type": "Transitive",
        "resolved": "8.19.2",
        "contentHash": "HJbo/lnSfNHUfphPRT910poQc4T2/9+8svFLvzuaYHGAOJ2Tu+oEDqpX0BVP3BJ4OuUM1kylEKyaiX2fCAK3Cw=="
      },
      "Microsoft.IdentityModel.Logging": {
        "type": "Transitive",
        "resolved": "8.19.2",
        "contentHash": "r5YLDIxGOnkVJHrqXv/iD1FM1CgGrQOdriXuvuWvTPmKbnGANhEysq9XKmN6IHjf2a+9bAGEpnoRBsAQlvJU5w==",
        "dependencies": {
          "Microsoft.IdentityModel.Abstractions": "8.19.2"
        }
      },
      "Microsoft.IdentityModel.Tokens": {
        "type": "Transitive",
        "resolved": "8.19.2",
        "contentHash": "GtPC1S02uH1gOO4fQ+zRysIicKmEXaYFP8PIkdJYXqMyruYhopre4ozVHp0XiDSA0+GJvOZH9prxCPvgBMg4Ww==",
        "dependencies": {
          "Microsoft.Bcl.Cryptography": "10.0.2",
          "Microsoft.IdentityModel.Logging": "8.19.2"
        }
      },
      "MySqlConnector": {
        "type": "Transitive",
        "resolved": "2.5.0",
        "contentHash": "hoAwfHHF8DlRRqwHOhN3u1KLi+XbX/4LPS7Anfa+SYC97vRyIfdEOEEfj1L50q01Ik8aDNvmDrNmu/VPFiAiaQ=="
      },
      "OpenIddict.Abstractions": {
        "type": "Transitive",
        "resolved": "7.6.0",
        "contentHash": "Fp2MUvm6wwsqk6+ieUM/3MTMlbCL1zwSXixM0xC22FgKcl5EQB7E0vV38IRI/rSF8UGgvC/AOjMOF6FoFyks8g==",
        "dependencies": {
          "Microsoft.IdentityModel.Tokens": "8.19.2"
        }
      },
      "OpenIddict.Core": {
        "type": "Transitive",
        "resolved": "7.6.0",
        "contentHash": "LJQ+GsSY6Nfw5FZ4NzCvL2kwYU1GNz6ygiUNGvqcKP0qXwstU59RDAjNKTCGkPPq4TQGnETqr4UsJgyK+AFxeA==",
        "dependencies": {
          "OpenIddict.Abstractions": "7.6.0"
        }
      },
      "OpenIddict.EntityFrameworkCore.Models": {
        "type": "Transitive",
        "resolved": "7.6.0",
        "contentHash": "DrWB0dLfsg3mZhWABAlqSZKXin4Q4Pn8V4S7/1JxP5T/7Ncl0y45rM9L2EWv/zdydaiTOFKi4jRDBZAgBxUjaQ=="
      },
      "sufficit.identity.application.abstractions": {
        "type": "Project"
      },
      "sufficit.identity.core": {
        "type": "Project",
        "dependencies": {
          "Microsoft.AspNetCore.DataProtection.EntityFrameworkCore": "[10.0.10, )",
          "Microsoft.AspNetCore.Identity.EntityFrameworkCore": "[10.0.10, )",
          "OpenIddict.EntityFrameworkCore": "[7.6.0, )",
          "Pomelo.EntityFrameworkCore.MySql": "[10.0.0-preview.1.efcore.10.0.0, )",
          "Sufficit.Identity.Application.Abstractions": "[0.4.0-alpha, )"
        }
      },
      "Microsoft.AspNetCore.DataProtection.EntityFrameworkCore": {
        "type": "CentralTransitive",
        "requested": "[10.0.10, )",
        "resolved": "10.0.10",
        "contentHash": "aDcFxkljLWxpOsDh8Wz9Mbmj067p/nl4LouZA9gU54MeivntGqvA67Z3b4hf+oU7SiTtOCI2KPD8FDVZlH8EKA==",
        "dependencies": {
          "Microsoft.EntityFrameworkCore": "10.0.10"
        }
      },
      "Microsoft.AspNetCore.Identity.EntityFrameworkCore": {
        "type": "CentralTransitive",
        "requested": "[10.0.10, )",
        "resolved": "10.0.10",
        "contentHash": "/ZV8RMWbWob1ZGsF5f1wVJNNlFLPKCf2ba834PpQiNhirVQ/ksup5SujtuUsvByHEZgv+9dmjC/4Xdi75axmXQ==",
        "dependencies": {
          "Microsoft.EntityFrameworkCore.Relational": "10.0.10"
        }
      },
      "OpenIddict.EntityFrameworkCore": {
        "type": "CentralTransitive",
        "requested": "[7.6.0, )",
        "resolved": "7.6.0",
        "contentHash": "BWbgvgKbDcg3EuNJvmXtUzeLxg9c4bU+PfDnZetCjGwcnlCsWcASkjVexKKevtUgWxRWJTQFRchMA09OKmOF/w==",
        "dependencies": {
          "Microsoft.EntityFrameworkCore.Relational": "10.0.10",
          "OpenIddict.Core": "7.6.0",
          "OpenIddict.EntityFrameworkCore.Models": "7.6.0"
        }
      },
      "Pomelo.EntityFrameworkCore.MySql": {
        "type": "CentralTransitive",
        "requested": "[10.0.0-preview.1.efcore.10.0.0, )",
        "resolved": "10.0.0-preview.1.efcore.10.0.0",
        "contentHash": "zNVnU0fiMtLfyLQEUupM7ZEbFWmHi2zcY6j/L7ZNgkAdVP419UWB/eybBp1QdGFOO0FK7wNb+mJtyJBwQzUseA==",
        "dependencies": {
          "Microsoft.EntityFrameworkCore.Relational": "[10.0.0, 10.0.999]",
          "MySqlConnector": "2.5.0"
        }
      }
    }
  }
}