{
  "version": 2,
  "dependencies": {
    "net10.0": {
      "Sufficit.Blazor.UI": {
        "type": "Direct",
        "requested": "[2.*, )",
        "resolved": "2.26.911.2250",
        "contentHash": "YzWPku2kBNF83gvFF2PakMMV2VbGpIy1P61xk6616QNRg6/jWmgoCiIbPPLw8D23d2PfyV/tt85DYXTkiSnn1Q=="
      },
      "sufficit.identity.application.abstractions": {
        "type": "Project"
      },
      "sufficit.identity.ui.abstractions": {
        "type": "Project"
      },
      "sufficit.identity.ui.components": {
        "type": "Project",
        "dependencies": {
          "Sufficit.Blazor.UI": "[2.*, )"
        }
      }
    }
  }
}