{
  "version": 2,
  "dependencies": {
    "net10.0": {
      "Sufficit.Blazor.UI": {
        "type": "Direct",
        "requested": "[2.*, )",
        "resolved": "2.26.920.117",
        "contentHash": "/xhAtwoGuJ4wnT09gP44W9jdZPsh7/sppJbOI3ZDaKxjc5KjRsPLDIW4a/qZ8SQwieK291y5kNt43brrtFzn9w=="
      },
      "sufficit.identity.application.abstractions": {
        "type": "Project"
      },
      "sufficit.identity.hosting.abstractions": {
        "type": "Project"
      },
      "sufficit.identity.ui.abstractions": {
        "type": "Project"
      },
      "sufficit.identity.ui.components": {
        "type": "Project",
        "dependencies": {
          "Sufficit.Blazor.UI": "[2.*, )"
        }
      }
    }
  }
}