{
  "version": 2,
  "dependencies": {
    "net10.0": {
      "Sufficit.Blazor.UI": {
        "type": "Direct",
        "requested": "[1.26.908.2020, )",
        "resolved": "1.26.908.2020",
        "contentHash": "s04L8fLtN0trRe3MoHlDqKfKYDf/sHGgwKzO9w+TYd5mHDeUzLX55p06FFgYnbM/hNzqgoMEiUoJt0ksGodU8g=="
      },
      "sufficit.identity.application.abstractions": {
        "type": "Project"
      },
      "sufficit.identity.ui.abstractions": {
        "type": "Project"
      },
      "sufficit.identity.ui.components": {
        "type": "Project",
        "dependencies": {
          "Sufficit.Blazor.UI": "[1.26.908.2020, )"
        }
      }
    }
  }
}